PODS:
  - Expecta (0.2.3)
  - KIF (2.0.0)
  - OCMock (2.2.3)
  - SLExpandableTableView (1.1.2)

DEPENDENCIES:
  - Expecta (>= 0.2.2)
  - KIF (~> 2.0)
  - OCMock (>= 2.2)
  - SLExpandableTableView (from `..`)

EXTERNAL SOURCES:
  SLExpandableTableView:
    :path: ..

SPEC CHECKSUMS:
  Expecta: dbc4a27fabb853bdd2e907e33f11ee43a9a47d0c
  KIF: ff3b46deb62ce3f8e99c6a2c786729e1eea241ba
  OCMock: 74e4ddbcef134170dcc844f91c691f13868075d7
  SLExpandableTableView: e7854991a4ceba8cd884c3dc2f284e2fa8df98f5

COCOAPODS: 0.29.0
